<?xml version="1.0" encoding="utf-8"?>
<Project ToolsVersion="4.0" xmlns="http://schemas.microsoft.com/developer/msbuild/2003">
  <ItemGroup>
    <Filter Include="Source Files">
      <UniqueIdentifier>{4FC737F1-C7A5-4376-A066-2A32D752A2FF}</UniqueIdentifier>
      <Extensions>cpp;c;cc;cxx;def;odl;idl;hpj;bat;asm;asmx</Extensions>
    </Filter>
    <Filter Include="Header Files">
      <UniqueIdentifier>{93995380-89BD-4b04-88EB-625FBE52EBFB}</UniqueIdentifier>
      <Extensions>h;hh;hpp;hxx;hm;inl;inc;xsd</Extensions>
    </Filter>
    <Filter Include="Resource Files">
      <UniqueIdentifier>{67DA6AB6-F800-4c08-8B7A-83BB121AAD01}</UniqueIdentifier>
      <Extensions>rc;ico;cur;bmp;dlg;rc2;rct;bin;rgs;gif;jpg;jpeg;jpe;resx;tiff;tif;png;wav;mfcribbon-ms</Extensions>
    </Filter>
    <Filter Include="Resource Files\Memory">
      <UniqueIdentifier>{eba09909-e816-4595-806b-162214a4b137}</UniqueIdentifier>
    </Filter>
    <Filter Include="Resource Files\XorString">
      <UniqueIdentifier>{8c1c5bf4-56f0-4f07-9399-c4c2ba3f529a}</UniqueIdentifier>
    </Filter>
    <Filter Include="Source Files\Main">
      <UniqueIdentifier>{e20ebd71-3386-44b8-867c-7f575f83d0e9}</UniqueIdentifier>
    </Filter>
    <Filter Include="Resource Files\Console Manager">
      <UniqueIdentifier>{ab34014c-b62e-4566-ad60-b0bd697605af}</UniqueIdentifier>
    </Filter>
    <Filter Include="Modules">
      <UniqueIdentifier>{851d5039-7fb2-4183-81f3-f88b7d55be3f}</UniqueIdentifier>
    </Filter>
    <Filter Include="Modules\Triggerbot">
      <UniqueIdentifier>{f52e4e2b-472c-4260-b36e-319274c5f4b9}</UniqueIdentifier>
    </Filter>
    <Filter Include="SDK">
      <UniqueIdentifier>{87c12cd5-106b-4f9c-b30d-7f621ea3dc82}</UniqueIdentifier>
    </Filter>
    <Filter Include="Modules\Varupdate">
      <UniqueIdentifier>{65b727cf-5da9-4dbe-9fcd-82257c57e1ff}</UniqueIdentifier>
    </Filter>
  </ItemGroup>
  <ItemGroup>
    <ClCompile Include="C_Memory.cpp">
      <Filter>Resource Files\Memory</Filter>
    </ClCompile>
    <ClCompile Include="SDK.cpp">
      <Filter>SDK</Filter>
    </ClCompile>
    <ClCompile Include="C_Triggerbot.cpp">
      <Filter>Modules\Triggerbot</Filter>
    </ClCompile>
    <ClCompile Include="C_ConsoleManager.cpp">
      <Filter>Resource Files\Console Manager</Filter>
    </ClCompile>
    <ClCompile Include="DLLMain.cpp">
      <Filter>Source Files\Main</Filter>
    </ClCompile>
    <ClCompile Include="varupdate.cpp">
      <Filter>Modules\Varupdate</Filter>
    </ClCompile>
  </ItemGroup>
  <ItemGroup>
    <ClInclude Include="C_Memory.h">
      <Filter>Resource Files\Memory</Filter>
    </ClInclude>
    <ClInclude Include="SDK.h">
      <Filter>SDK</Filter>
    </ClInclude>
    <ClInclude Include="XorString.h">
      <Filter>Resource Files\XorString</Filter>
    </ClInclude>
    <ClInclude Include="C_Triggerbot.h">
      <Filter>Modules\Triggerbot</Filter>
    </ClInclude>
    <ClInclude Include="C_ConsoleManager.h">
      <Filter>Resource Files\Console Manager</Filter>
    </ClInclude>
    <ClInclude Include="varupdate.h">
      <Filter>Modules\Varupdate</Filter>
    </ClInclude>
  </ItemGroup>
</Project>